// !$*UTF8*$!
{
	archiveVersion = 1;
	classes = {
	};
	objectVersion = 46;
	objects = {

/* Begin PBXBuildFile section */
		090F4A45212C5B740084C4EB /* RecommendationViewController.swift in Sources */ = {isa = PBXBuildFile; fileRef = 090F4A44212C5B740084C4EB /* RecommendationViewController.swift */; };
		090F4A47212C5B980084C4EB /* RecommendationView.swift in Sources */ = {isa = PBXBuildFile; fileRef = 090F4A46212C5B980084C4EB /* RecommendationView.swift */; };
		090F4A49212C5BB00084C4EB /* RecommendationView.xib in Resources */ = {isa = PBXBuildFile; fileRef = 090F4A48212C5BB00084C4EB /* RecommendationView.xib */; };
		090F4A4B212C5BBE0084C4EB /* RecommendationViewModel.swift in Sources */ = {isa = PBXBuildFile; fileRef = 090F4A4A212C5BBE0084C4EB /* RecommendationViewModel.swift */; };
		090F4A4D212C61560084C4EB /* SimpleTextField.swift in Sources */ = {isa = PBXBuildFile; fileRef = 090F4A4C212C61560084C4EB /* SimpleTextField.swift */; };
		09423CFA212309D300825171 /* Test.swift in Sources */ = {isa = PBXBuildFile; fileRef = 09423CF9212309D300825171 /* Test.swift */; };
		097F1ED421259F5F00AE7875 /* Comment.swift in Sources */ = {isa = PBXBuildFile; fileRef = 097F1ED321259F5F00AE7875 /* Comment.swift */; };
		0984B2192136BF0000137CE3 /* SuggestionCollectionView.xib in Resources */ = {isa = PBXBuildFile; fileRef = 0984B2182136BF0000137CE3 /* SuggestionCollectionView.xib */; };
		0984B21D2136BF7F00137CE3 /* SuggestionCollectionView.swift in Sources */ = {isa = PBXBuildFile; fileRef = 0984B21C2136BF7F00137CE3 /* SuggestionCollectionView.swift */; };
		09889AD7212DA06600FB0ED2 /* RentalsViewController.swift in Sources */ = {isa = PBXBuildFile; fileRef = 09889AD6212DA06600FB0ED2 /* RentalsViewController.swift */; };
		09889AD9212DA07D00FB0ED2 /* RentalsView.swift in Sources */ = {isa = PBXBuildFile; fileRef = 09889AD8212DA07D00FB0ED2 /* RentalsView.swift */; };
		09889ADB212DA08900FB0ED2 /* RentalsView.xib in Resources */ = {isa = PBXBuildFile; fileRef = 09889ADA212DA08900FB0ED2 /* RentalsView.xib */; };
		09889ADD212DA09800FB0ED2 /* RentalsViewModel.swift in Sources */ = {isa = PBXBuildFile; fileRef = 09889ADC212DA09800FB0ED2 /* RentalsViewModel.swift */; };
		09889AE0212DA4F100FB0ED2 /* WishlistViewController.swift in Sources */ = {isa = PBXBuildFile; fileRef = 09889ADF212DA4F100FB0ED2 /* WishlistViewController.swift */; };
		09889AE2212DA54D00FB0ED2 /* WishlistView.swift in Sources */ = {isa = PBXBuildFile; fileRef = 09889AE1212DA54D00FB0ED2 /* WishlistView.swift */; };
		09889AE4212DA55800FB0ED2 /* WishlistView.xib in Resources */ = {isa = PBXBuildFile; fileRef = 09889AE3212DA55800FB0ED2 /* WishlistView.xib */; };
		09889AE6212DA56700FB0ED2 /* WishlistViewModel.swift in Sources */ = {isa = PBXBuildFile; fileRef = 09889AE5212DA56700FB0ED2 /* WishlistViewModel.swift */; };
		09889AEA212DAC6C00FB0ED2 /* SuggestionCell.swift in Sources */ = {isa = PBXBuildFile; fileRef = 09889AE8212DAC6C00FB0ED2 /* SuggestionCell.swift */; };
		09889AEB212DAC6C00FB0ED2 /* SuggestionCell.xib in Resources */ = {isa = PBXBuildFile; fileRef = 09889AE9212DAC6C00FB0ED2 /* SuggestionCell.xib */; };
		0988B8F62126EED900A17E9B /* ImageFetcher.swift in Sources */ = {isa = PBXBuildFile; fileRef = 0988B8F52126EED900A17E9B /* ImageFetcher.swift */; };
		098BBE132125AAD600970C64 /* CommentCell.swift in Sources */ = {isa = PBXBuildFile; fileRef = 098BBE112125AAD600970C64 /* CommentCell.swift */; };
		098BBE142125AAD600970C64 /* CommentCell.xib in Resources */ = {isa = PBXBuildFile; fileRef = 098BBE122125AAD600970C64 /* CommentCell.xib */; };
		098BBE162125C6F100970C64 /* RoundedImageView.swift in Sources */ = {isa = PBXBuildFile; fileRef = 098BBE152125C6F100970C64 /* RoundedImageView.swift */; };
		09926D12212ED5DD002F9B30 /* Rent.swift in Sources */ = {isa = PBXBuildFile; fileRef = 09926D11212ED5DD002F9B30 /* Rent.swift */; };
		099F0D8821244A0800E4AF20 /* BookView.swift in Sources */ = {isa = PBXBuildFile; fileRef = 099F0D8721244A0800E4AF20 /* BookView.swift */; };
		099F0D8A21244A5300E4AF20 /* BookView.xib in Resources */ = {isa = PBXBuildFile; fileRef = 099F0D8921244A5300E4AF20 /* BookView.xib */; };
		099F0D8C21244A8800E4AF20 /* BookViewController.swift in Sources */ = {isa = PBXBuildFile; fileRef = 099F0D8B21244A8800E4AF20 /* BookViewController.swift */; };
		099F0D8E21244AB300E4AF20 /* BookViewModel.swift in Sources */ = {isa = PBXBuildFile; fileRef = 099F0D8D21244AB300E4AF20 /* BookViewModel.swift */; };
		099F0D912124633600E4AF20 /* UIImageViewExtension.swift in Sources */ = {isa = PBXBuildFile; fileRef = 099F0D902124633600E4AF20 /* UIImageViewExtension.swift */; };
		099F0D9421246E4400E4AF20 /* GradientButton.swift in Sources */ = {isa = PBXBuildFile; fileRef = 099F0D9321246E4400E4AF20 /* GradientButton.swift */; };
		099F0D9621248FBA00E4AF20 /* HollowButton.swift in Sources */ = {isa = PBXBuildFile; fileRef = 099F0D9521248FBA00E4AF20 /* HollowButton.swift */; };
		09B15CA3213032B1002B8FC3 /* UIViewControllerExtension.swift in Sources */ = {isa = PBXBuildFile; fileRef = 09B15CA2213032B1002B8FC3 /* UIViewControllerExtension.swift */; };
		09BF018B2122FEFD0098E24E /* WBooksTabBarController.swift in Sources */ = {isa = PBXBuildFile; fileRef = 09BF018A2122FEFD0098E24E /* WBooksTabBarController.swift */; };
		09C5B0FF2121A7E5001BE26A /* LibraryView.xib in Resources */ = {isa = PBXBuildFile; fileRef = 09C5B0FE2121A7E5001BE26A /* LibraryView.xib */; };
		09C5B1012121A80D001BE26A /* LibraryView.swift in Sources */ = {isa = PBXBuildFile; fileRef = 09C5B1002121A80D001BE26A /* LibraryView.swift */; };
		09C5B1032121A82B001BE26A /* LibraryViewController.swift in Sources */ = {isa = PBXBuildFile; fileRef = 09C5B1022121A82B001BE26A /* LibraryViewController.swift */; };
		09C5B1052121A841001BE26A /* LibraryViewModel.swift in Sources */ = {isa = PBXBuildFile; fileRef = 09C5B1042121A841001BE26A /* LibraryViewModel.swift */; };
		09E3E0282121C2DC0001D694 /* LibraryCell.xib in Resources */ = {isa = PBXBuildFile; fileRef = 09E3E0272121C2DC0001D694 /* LibraryCell.xib */; };
		09E3E02A2121C2E30001D694 /* LibraryCell.swift in Sources */ = {isa = PBXBuildFile; fileRef = 09E3E0292121C2E30001D694 /* LibraryCell.swift */; };
		09E3E02F2121DC860001D694 /* WBooksRepository.swift in Sources */ = {isa = PBXBuildFile; fileRef = 09E3E02E2121DC860001D694 /* WBooksRepository.swift */; };
		09E3E0322121DCBE0001D694 /* Book.swift in Sources */ = {isa = PBXBuildFile; fileRef = 09E3E0312121DCBE0001D694 /* Book.swift */; };
		09E4A4CC213427F500B2A2A9 /* DetailsView.xib in Resources */ = {isa = PBXBuildFile; fileRef = 09E4A4CB213427F500B2A2A9 /* DetailsView.xib */; };
		09E4A4CE2134287600B2A2A9 /* DetailsView.swift in Sources */ = {isa = PBXBuildFile; fileRef = 09E4A4CD2134287600B2A2A9 /* DetailsView.swift */; };
		46BEC92C2117C468004338C4 /* Alamofire.framework in Frameworks */ = {isa = PBXBuildFile; fileRef = 46BEC91E2117BB4A004338C4 /* Alamofire.framework */; };
		46BEC92D2117C468004338C4 /* AlamofireNetworkActivityIndicator.framework in Frameworks */ = {isa = PBXBuildFile; fileRef = 46BEC91F2117BB4A004338C4 /* AlamofireNetworkActivityIndicator.framework */; };
		46BEC92E2117C468004338C4 /* AlamofireNetworkActivityLogger.framework in Frameworks */ = {isa = PBXBuildFile; fileRef = 46BEC91C2117BB4A004338C4 /* AlamofireNetworkActivityLogger.framework */; };
		46BEC92F2117C468004338C4 /* Argo.framework in Frameworks */ = {isa = PBXBuildFile; fileRef = 46BEC9272117BDBB004338C4 /* Argo.framework */; };
		46BEC9302117C468004338C4 /* Curry.framework in Frameworks */ = {isa = PBXBuildFile; fileRef = 46BEC91B2117BB4A004338C4 /* Curry.framework */; };
		46BEC9312117C468004338C4 /* KeychainSwift.framework in Frameworks */ = {isa = PBXBuildFile; fileRef = 46BEC91D2117BB4A004338C4 /* KeychainSwift.framework */; };
		46BEC9322117C468004338C4 /* Networking.framework in Frameworks */ = {isa = PBXBuildFile; fileRef = 46BEC9262117BDBB004338C4 /* Networking.framework */; };
		46BEC9332117C468004338C4 /* Nimble.framework in Frameworks */ = {isa = PBXBuildFile; fileRef = 9D1F7A6F1CBED81900E20BE5 /* Nimble.framework */; };
		46BEC9342117C468004338C4 /* Quick.framework in Frameworks */ = {isa = PBXBuildFile; fileRef = 9D1F7A701CBED81900E20BE5 /* Quick.framework */; };
		46BEC9352117C468004338C4 /* ReactiveCocoa.framework in Frameworks */ = {isa = PBXBuildFile; fileRef = 9D6E40551CB1B939008CE558 /* ReactiveCocoa.framework */; };
		46BEC9362117C468004338C4 /* ReactiveSwift.framework in Frameworks */ = {isa = PBXBuildFile; fileRef = CED934871E8466A60017CF96 /* ReactiveSwift.framework */; };
		46BEC9372117C468004338C4 /* Result.framework in Frameworks */ = {isa = PBXBuildFile; fileRef = 9D6E40561CB1B93A008CE558 /* Result.framework */; };
		46BEC9382117C468004338C4 /* Runes.framework in Frameworks */ = {isa = PBXBuildFile; fileRef = 46BEC9252117BDBB004338C4 /* Runes.framework */; };
		46BEC9392117C468004338C4 /* WolmoCore.framework in Frameworks */ = {isa = PBXBuildFile; fileRef = 46BEC9192117B6C3004338C4 /* WolmoCore.framework */; };
		46BEC93B2117C468004338C4 /* ReactiveMapKit.framework in Frameworks */ = {isa = PBXBuildFile; fileRef = 46BEC93A2117C468004338C4 /* ReactiveMapKit.framework */; };
		46BEC9462117C765004338C4 /* User.swift in Sources */ = {isa = PBXBuildFile; fileRef = 46BEC9452117C765004338C4 /* User.swift */; };
		46BEC9492117C7AE004338C4 /* NetworkingBootstrapper.swift in Sources */ = {isa = PBXBuildFile; fileRef = 46BEC9482117C7AE004338C4 /* NetworkingBootstrapper.swift */; };
		46BEC94B2117DA4E004338C4 /* AuthUser.swift in Sources */ = {isa = PBXBuildFile; fileRef = 46BEC94A2117DA4E004338C4 /* AuthUser.swift */; };
		9D1575051CB1B27500EA395E /* AppDelegate.swift in Sources */ = {isa = PBXBuildFile; fileRef = 9D1575041CB1B27500EA395E /* AppDelegate.swift */; };
		9D15750C1CB1B27500EA395E /* Assets.xcassets in Resources */ = {isa = PBXBuildFile; fileRef = 9D15750B1CB1B27500EA395E /* Assets.xcassets */; };
		9D15751A1CB1B27500EA395E /* WBooksTests.swift in Sources */ = {isa = PBXBuildFile; fileRef = 9D1575191CB1B27500EA395E /* WBooksTests.swift */; };
		9D1575251CB1B27500EA395E /* WBooksUITests.swift in Sources */ = {isa = PBXBuildFile; fileRef = 9D1575241CB1B27500EA395E /* WBooksUITests.swift */; };
		9D1F7A711CBED81900E20BE5 /* Nimble.framework in Frameworks */ = {isa = PBXBuildFile; fileRef = 9D1F7A6F1CBED81900E20BE5 /* Nimble.framework */; };
		9D1F7A721CBED81900E20BE5 /* Quick.framework in Frameworks */ = {isa = PBXBuildFile; fileRef = 9D1F7A701CBED81900E20BE5 /* Quick.framework */; };
		9D1F7A741CBED82900E20BE5 /* Nimble.framework in CopyFiles */ = {isa = PBXBuildFile; fileRef = 9D1F7A6F1CBED81900E20BE5 /* Nimble.framework */; settings = {ATTRIBUTES = (CodeSignOnCopy, RemoveHeadersOnCopy, ); }; };
		9D1F7A751CBED82900E20BE5 /* Quick.framework in CopyFiles */ = {isa = PBXBuildFile; fileRef = 9D1F7A701CBED81900E20BE5 /* Quick.framework */; settings = {ATTRIBUTES = (CodeSignOnCopy, RemoveHeadersOnCopy, ); }; };
		CEB934DD1D21992100DF75C2 /* Environment.swift in Sources */ = {isa = PBXBuildFile; fileRef = CEB934DC1D21992100DF75C2 /* Environment.swift */; };
/* End PBXBuildFile section */

/* Begin PBXContainerItemProxy section */
		9D1575161CB1B27500EA395E /* PBXContainerItemProxy */ = {
			isa = PBXContainerItemProxy;
			containerPortal = 9D1574F91CB1B27500EA395E /* Project object */;
			proxyType = 1;
			remoteGlobalIDString = 9D1575001CB1B27500EA395E;
			remoteInfo = WBooks;
		};
		9D1575211CB1B27500EA395E /* PBXContainerItemProxy */ = {
			isa = PBXContainerItemProxy;
			containerPortal = 9D1574F91CB1B27500EA395E /* Project object */;
			proxyType = 1;
			remoteGlobalIDString = 9D1575001CB1B27500EA395E;
			remoteInfo = WBooks;
		};
/* End PBXContainerItemProxy section */

/* Begin PBXCopyFilesBuildPhase section */
		9D1F7A731CBED81F00E20BE5 /* CopyFiles */ = {
			isa = PBXCopyFilesBuildPhase;
			buildActionMask = 2147483647;
			dstPath = "";
			dstSubfolderSpec = 10;
			files = (
				9D1F7A741CBED82900E20BE5 /* Nimble.framework in CopyFiles */,
				9D1F7A751CBED82900E20BE5 /* Quick.framework in CopyFiles */,
			);
			runOnlyForDeploymentPostprocessing = 0;
		};
/* End PBXCopyFilesBuildPhase section */

/* Begin PBXFileReference section */
		090F4A44212C5B740084C4EB /* RecommendationViewController.swift */ = {isa = PBXFileReference; lastKnownFileType = sourcecode.swift; path = RecommendationViewController.swift; sourceTree = "<group>"; };
		090F4A46212C5B980084C4EB /* RecommendationView.swift */ = {isa = PBXFileReference; lastKnownFileType = sourcecode.swift; path = RecommendationView.swift; sourceTree = "<group>"; };
		090F4A48212C5BB00084C4EB /* RecommendationView.xib */ = {isa = PBXFileReference; lastKnownFileType = file.xib; path = RecommendationView.xib; sourceTree = "<group>"; };
		090F4A4A212C5BBE0084C4EB /* RecommendationViewModel.swift */ = {isa = PBXFileReference; lastKnownFileType = sourcecode.swift; path = RecommendationViewModel.swift; sourceTree = "<group>"; };
		090F4A4C212C61560084C4EB /* SimpleTextField.swift */ = {isa = PBXFileReference; lastKnownFileType = sourcecode.swift; path = SimpleTextField.swift; sourceTree = "<group>"; };
		09423CF9212309D300825171 /* Test.swift */ = {isa = PBXFileReference; lastKnownFileType = sourcecode.swift; path = Test.swift; sourceTree = "<group>"; };
		097F1ED321259F5F00AE7875 /* Comment.swift */ = {isa = PBXFileReference; lastKnownFileType = sourcecode.swift; path = Comment.swift; sourceTree = "<group>"; };
		0984B2182136BF0000137CE3 /* SuggestionCollectionView.xib */ = {isa = PBXFileReference; lastKnownFileType = file.xib; path = SuggestionCollectionView.xib; sourceTree = "<group>"; };
		0984B21C2136BF7F00137CE3 /* SuggestionCollectionView.swift */ = {isa = PBXFileReference; lastKnownFileType = sourcecode.swift; path = SuggestionCollectionView.swift; sourceTree = "<group>"; };
		09889AD6212DA06600FB0ED2 /* RentalsViewController.swift */ = {isa = PBXFileReference; lastKnownFileType = sourcecode.swift; path = RentalsViewController.swift; sourceTree = "<group>"; };
		09889AD8212DA07D00FB0ED2 /* RentalsView.swift */ = {isa = PBXFileReference; lastKnownFileType = sourcecode.swift; path = RentalsView.swift; sourceTree = "<group>"; };
		09889ADA212DA08900FB0ED2 /* RentalsView.xib */ = {isa = PBXFileReference; lastKnownFileType = file.xib; path = RentalsView.xib; sourceTree = "<group>"; };
		09889ADC212DA09800FB0ED2 /* RentalsViewModel.swift */ = {isa = PBXFileReference; lastKnownFileType = sourcecode.swift; path = RentalsViewModel.swift; sourceTree = "<group>"; };
		09889ADF212DA4F100FB0ED2 /* WishlistViewController.swift */ = {isa = PBXFileReference; lastKnownFileType = sourcecode.swift; path = WishlistViewController.swift; sourceTree = "<group>"; };
		09889AE1212DA54D00FB0ED2 /* WishlistView.swift */ = {isa = PBXFileReference; lastKnownFileType = sourcecode.swift; path = WishlistView.swift; sourceTree = "<group>"; };
		09889AE3212DA55800FB0ED2 /* WishlistView.xib */ = {isa = PBXFileReference; lastKnownFileType = file.xib; path = WishlistView.xib; sourceTree = "<group>"; };
		09889AE5212DA56700FB0ED2 /* WishlistViewModel.swift */ = {isa = PBXFileReference; lastKnownFileType = sourcecode.swift; path = WishlistViewModel.swift; sourceTree = "<group>"; };
		09889AE8212DAC6C00FB0ED2 /* SuggestionCell.swift */ = {isa = PBXFileReference; lastKnownFileType = sourcecode.swift; path = SuggestionCell.swift; sourceTree = "<group>"; };
		09889AE9212DAC6C00FB0ED2 /* SuggestionCell.xib */ = {isa = PBXFileReference; lastKnownFileType = file.xib; path = SuggestionCell.xib; sourceTree = "<group>"; };
		0988B8F52126EED900A17E9B /* ImageFetcher.swift */ = {isa = PBXFileReference; lastKnownFileType = sourcecode.swift; path = ImageFetcher.swift; sourceTree = "<group>"; };
		098BBE112125AAD600970C64 /* CommentCell.swift */ = {isa = PBXFileReference; lastKnownFileType = sourcecode.swift; path = CommentCell.swift; sourceTree = "<group>"; };
		098BBE122125AAD600970C64 /* CommentCell.xib */ = {isa = PBXFileReference; lastKnownFileType = file.xib; path = CommentCell.xib; sourceTree = "<group>"; };
		098BBE152125C6F100970C64 /* RoundedImageView.swift */ = {isa = PBXFileReference; lastKnownFileType = sourcecode.swift; path = RoundedImageView.swift; sourceTree = "<group>"; };
		09926D11212ED5DD002F9B30 /* Rent.swift */ = {isa = PBXFileReference; lastKnownFileType = sourcecode.swift; path = Rent.swift; sourceTree = "<group>"; };
		099F0D8721244A0800E4AF20 /* BookView.swift */ = {isa = PBXFileReference; lastKnownFileType = sourcecode.swift; path = BookView.swift; sourceTree = "<group>"; };
		099F0D8921244A5300E4AF20 /* BookView.xib */ = {isa = PBXFileReference; lastKnownFileType = file.xib; path = BookView.xib; sourceTree = "<group>"; };
		099F0D8B21244A8800E4AF20 /* BookViewController.swift */ = {isa = PBXFileReference; lastKnownFileType = sourcecode.swift; path = BookViewController.swift; sourceTree = "<group>"; };
		099F0D8D21244AB300E4AF20 /* BookViewModel.swift */ = {isa = PBXFileReference; lastKnownFileType = sourcecode.swift; path = BookViewModel.swift; sourceTree = "<group>"; };
		099F0D902124633600E4AF20 /* UIImageViewExtension.swift */ = {isa = PBXFileReference; lastKnownFileType = sourcecode.swift; path = UIImageViewExtension.swift; sourceTree = "<group>"; };
		099F0D9321246E4400E4AF20 /* GradientButton.swift */ = {isa = PBXFileReference; lastKnownFileType = sourcecode.swift; path = GradientButton.swift; sourceTree = "<group>"; };
		099F0D9521248FBA00E4AF20 /* HollowButton.swift */ = {isa = PBXFileReference; lastKnownFileType = sourcecode.swift; path = HollowButton.swift; sourceTree = "<group>"; };
		09B15CA2213032B1002B8FC3 /* UIViewControllerExtension.swift */ = {isa = PBXFileReference; lastKnownFileType = sourcecode.swift; path = UIViewControllerExtension.swift; sourceTree = "<group>"; };
		09BF018A2122FEFD0098E24E /* WBooksTabBarController.swift */ = {isa = PBXFileReference; lastKnownFileType = sourcecode.swift; name = WBooksTabBarController.swift; path = WBooks/Models/WBooksTabBarController.swift; sourceTree = SOURCE_ROOT; };
		09C5B0FE2121A7E5001BE26A /* LibraryView.xib */ = {isa = PBXFileReference; lastKnownFileType = file.xib; path = LibraryView.xib; sourceTree = "<group>"; };
		09C5B1002121A80D001BE26A /* LibraryView.swift */ = {isa = PBXFileReference; lastKnownFileType = sourcecode.swift; path = LibraryView.swift; sourceTree = "<group>"; };
		09C5B1022121A82B001BE26A /* LibraryViewController.swift */ = {isa = PBXFileReference; lastKnownFileType = sourcecode.swift; path = LibraryViewController.swift; sourceTree = "<group>"; };
		09C5B1042121A841001BE26A /* LibraryViewModel.swift */ = {isa = PBXFileReference; lastKnownFileType = sourcecode.swift; path = LibraryViewModel.swift; sourceTree = "<group>"; };
		09E3E0272121C2DC0001D694 /* LibraryCell.xib */ = {isa = PBXFileReference; lastKnownFileType = file.xib; path = LibraryCell.xib; sourceTree = "<group>"; };
		09E3E0292121C2E30001D694 /* LibraryCell.swift */ = {isa = PBXFileReference; lastKnownFileType = sourcecode.swift; path = LibraryCell.swift; sourceTree = "<group>"; };
		09E3E02E2121DC860001D694 /* WBooksRepository.swift */ = {isa = PBXFileReference; lastKnownFileType = sourcecode.swift; path = WBooksRepository.swift; sourceTree = "<group>"; };
		09E3E0312121DCBE0001D694 /* Book.swift */ = {isa = PBXFileReference; lastKnownFileType = sourcecode.swift; path = Book.swift; sourceTree = "<group>"; };
		09E4A4CB213427F500B2A2A9 /* DetailsView.xib */ = {isa = PBXFileReference; lastKnownFileType = file.xib; path = DetailsView.xib; sourceTree = "<group>"; };
		09E4A4CD2134287600B2A2A9 /* DetailsView.swift */ = {isa = PBXFileReference; lastKnownFileType = sourcecode.swift; path = DetailsView.swift; sourceTree = "<group>"; };
		46BEC9192117B6C3004338C4 /* WolmoCore.framework */ = {isa = PBXFileReference; lastKnownFileType = wrapper.framework; name = WolmoCore.framework; path = Carthage/Build/iOS/WolmoCore.framework; sourceTree = "<group>"; };
		46BEC91B2117BB4A004338C4 /* Curry.framework */ = {isa = PBXFileReference; lastKnownFileType = wrapper.framework; name = Curry.framework; path = Carthage/Build/iOS/Curry.framework; sourceTree = "<group>"; };
		46BEC91C2117BB4A004338C4 /* AlamofireNetworkActivityLogger.framework */ = {isa = PBXFileReference; lastKnownFileType = wrapper.framework; name = AlamofireNetworkActivityLogger.framework; path = Carthage/Build/iOS/AlamofireNetworkActivityLogger.framework; sourceTree = "<group>"; };
		46BEC91D2117BB4A004338C4 /* KeychainSwift.framework */ = {isa = PBXFileReference; lastKnownFileType = wrapper.framework; name = KeychainSwift.framework; path = Carthage/Build/iOS/KeychainSwift.framework; sourceTree = "<group>"; };
		46BEC91E2117BB4A004338C4 /* Alamofire.framework */ = {isa = PBXFileReference; lastKnownFileType = wrapper.framework; name = Alamofire.framework; path = Carthage/Build/iOS/Alamofire.framework; sourceTree = "<group>"; };
		46BEC91F2117BB4A004338C4 /* AlamofireNetworkActivityIndicator.framework */ = {isa = PBXFileReference; lastKnownFileType = wrapper.framework; name = AlamofireNetworkActivityIndicator.framework; path = Carthage/Build/iOS/AlamofireNetworkActivityIndicator.framework; sourceTree = "<group>"; };
		46BEC9252117BDBB004338C4 /* Runes.framework */ = {isa = PBXFileReference; lastKnownFileType = wrapper.framework; name = Runes.framework; path = Carthage/Build/iOS/Runes.framework; sourceTree = "<group>"; };
		46BEC9262117BDBB004338C4 /* Networking.framework */ = {isa = PBXFileReference; lastKnownFileType = wrapper.framework; name = Networking.framework; path = Carthage/Build/iOS/Networking.framework; sourceTree = "<group>"; };
		46BEC9272117BDBB004338C4 /* Argo.framework */ = {isa = PBXFileReference; lastKnownFileType = wrapper.framework; name = Argo.framework; path = Carthage/Build/iOS/Argo.framework; sourceTree = "<group>"; };
		46BEC93A2117C468004338C4 /* ReactiveMapKit.framework */ = {isa = PBXFileReference; lastKnownFileType = wrapper.framework; name = ReactiveMapKit.framework; path = Carthage/Build/iOS/ReactiveMapKit.framework; sourceTree = "<group>"; };
		46BEC9452117C765004338C4 /* User.swift */ = {isa = PBXFileReference; lastKnownFileType = sourcecode.swift; path = User.swift; sourceTree = "<group>"; };
		46BEC9482117C7AE004338C4 /* NetworkingBootstrapper.swift */ = {isa = PBXFileReference; lastKnownFileType = sourcecode.swift; path = NetworkingBootstrapper.swift; sourceTree = "<group>"; };
		46BEC94A2117DA4E004338C4 /* AuthUser.swift */ = {isa = PBXFileReference; lastKnownFileType = sourcecode.swift; path = AuthUser.swift; sourceTree = "<group>"; };
		9D1575011CB1B27500EA395E /* WBooks.app */ = {isa = PBXFileReference; explicitFileType = wrapper.application; includeInIndex = 0; path = WBooks.app; sourceTree = BUILT_PRODUCTS_DIR; };
		9D1575041CB1B27500EA395E /* AppDelegate.swift */ = {isa = PBXFileReference; lastKnownFileType = sourcecode.swift; path = AppDelegate.swift; sourceTree = "<group>"; };
		9D15750B1CB1B27500EA395E /* Assets.xcassets */ = {isa = PBXFileReference; lastKnownFileType = folder.assetcatalog; path = Assets.xcassets; sourceTree = "<group>"; };
		9D1575101CB1B27500EA395E /* Info.plist */ = {isa = PBXFileReference; lastKnownFileType = text.plist.xml; path = Info.plist; sourceTree = "<group>"; };
		9D1575151CB1B27500EA395E /* WBooksTests.xctest */ = {isa = PBXFileReference; explicitFileType = wrapper.cfbundle; includeInIndex = 0; path = WBooksTests.xctest; sourceTree = BUILT_PRODUCTS_DIR; };
		9D1575191CB1B27500EA395E /* WBooksTests.swift */ = {isa = PBXFileReference; lastKnownFileType = sourcecode.swift; path = WBooksTests.swift; sourceTree = "<group>"; };
		9D15751B1CB1B27500EA395E /* Info.plist */ = {isa = PBXFileReference; lastKnownFileType = text.plist.xml; path = Info.plist; sourceTree = "<group>"; };
		9D1575201CB1B27500EA395E /* WBooksUITests.xctest */ = {isa = PBXFileReference; explicitFileType = wrapper.cfbundle; includeInIndex = 0; path = WBooksUITests.xctest; sourceTree = BUILT_PRODUCTS_DIR; };
		9D1575241CB1B27500EA395E /* WBooksUITests.swift */ = {isa = PBXFileReference; lastKnownFileType = sourcecode.swift; path = WBooksUITests.swift; sourceTree = "<group>"; };
		9D1575261CB1B27500EA395E /* Info.plist */ = {isa = PBXFileReference; lastKnownFileType = text.plist.xml; path = Info.plist; sourceTree = "<group>"; };
		9D1F7A6F1CBED81900E20BE5 /* Nimble.framework */ = {isa = PBXFileReference; lastKnownFileType = wrapper.framework; name = Nimble.framework; path = Carthage/Build/iOS/Nimble.framework; sourceTree = "<group>"; };
		9D1F7A701CBED81900E20BE5 /* Quick.framework */ = {isa = PBXFileReference; lastKnownFileType = wrapper.framework; name = Quick.framework; path = Carthage/Build/iOS/Quick.framework; sourceTree = "<group>"; };
		9D6E40551CB1B939008CE558 /* ReactiveCocoa.framework */ = {isa = PBXFileReference; lastKnownFileType = wrapper.framework; name = ReactiveCocoa.framework; path = Carthage/Build/iOS/ReactiveCocoa.framework; sourceTree = "<group>"; };
		9D6E40561CB1B93A008CE558 /* Result.framework */ = {isa = PBXFileReference; lastKnownFileType = wrapper.framework; name = Result.framework; path = Carthage/Build/iOS/Result.framework; sourceTree = "<group>"; };
		CEB934DC1D21992100DF75C2 /* Environment.swift */ = {isa = PBXFileReference; fileEncoding = 4; lastKnownFileType = sourcecode.swift; path = Environment.swift; sourceTree = "<group>"; };
		CED934871E8466A60017CF96 /* ReactiveSwift.framework */ = {isa = PBXFileReference; lastKnownFileType = wrapper.framework; name = ReactiveSwift.framework; path = Carthage/Build/iOS/ReactiveSwift.framework; sourceTree = "<group>"; };
		E1530D9D1ED382EA002A9002 /* SystemConfiguration.framework */ = {isa = PBXFileReference; lastKnownFileType = wrapper.framework; name = SystemConfiguration.framework; path = System/Library/Frameworks/SystemConfiguration.framework; sourceTree = SDKROOT; };
/* End PBXFileReference section */

/* Begin PBXFrameworksBuildPhase section */
		9D1574FE1CB1B27500EA395E /* Frameworks */ = {
			isa = PBXFrameworksBuildPhase;
			buildActionMask = 2147483647;
			files = (
				46BEC93B2117C468004338C4 /* ReactiveMapKit.framework in Frameworks */,
				46BEC92C2117C468004338C4 /* Alamofire.framework in Frameworks */,
				46BEC92D2117C468004338C4 /* AlamofireNetworkActivityIndicator.framework in Frameworks */,
				46BEC92E2117C468004338C4 /* AlamofireNetworkActivityLogger.framework in Frameworks */,
				46BEC92F2117C468004338C4 /* Argo.framework in Frameworks */,
				46BEC9302117C468004338C4 /* Curry.framework in Frameworks */,
				46BEC9312117C468004338C4 /* KeychainSwift.framework in Frameworks */,
				46BEC9322117C468004338C4 /* Networking.framework in Frameworks */,
				46BEC9332117C468004338C4 /* Nimble.framework in Frameworks */,
				46BEC9342117C468004338C4 /* Quick.framework in Frameworks */,
				46BEC9352117C468004338C4 /* ReactiveCocoa.framework in Frameworks */,
				46BEC9362117C468004338C4 /* ReactiveSwift.framework in Frameworks */,
				46BEC9372117C468004338C4 /* Result.framework in Frameworks */,
				46BEC9382117C468004338C4 /* Runes.framework in Frameworks */,
				46BEC9392117C468004338C4 /* WolmoCore.framework in Frameworks */,
			);
			runOnlyForDeploymentPostprocessing = 0;
		};
		9D1575121CB1B27500EA395E /* Frameworks */ = {
			isa = PBXFrameworksBuildPhase;
			buildActionMask = 2147483647;
			files = (
				9D1F7A711CBED81900E20BE5 /* Nimble.framework in Frameworks */,
				9D1F7A721CBED81900E20BE5 /* Quick.framework in Frameworks */,
			);
			runOnlyForDeploymentPostprocessing = 0;
		};
		9D15751D1CB1B27500EA395E /* Frameworks */ = {
			isa = PBXFrameworksBuildPhase;
			buildActionMask = 2147483647;
			files = (
			);
			runOnlyForDeploymentPostprocessing = 0;
		};
/* End PBXFrameworksBuildPhase section */

/* Begin PBXGroup section */
		090815032135C23500C9A898 /* SubViews */ = {
			isa = PBXGroup;
			children = (
				090815042135C26500C9A898 /* SuggestionCollection */,
				09E4A4CF21342C1400B2A2A9 /* Details */,
			);
			path = SubViews;
			sourceTree = "<group>";
		};
		090815042135C26500C9A898 /* SuggestionCollection */ = {
			isa = PBXGroup;
			children = (
				0984B2182136BF0000137CE3 /* SuggestionCollectionView.xib */,
				0984B21C2136BF7F00137CE3 /* SuggestionCollectionView.swift */,
			);
			path = SuggestionCollection;
			sourceTree = "<group>";
		};
		090F4A43212C5B100084C4EB /* Recommendation */ = {
			isa = PBXGroup;
			children = (
				090F4A44212C5B740084C4EB /* RecommendationViewController.swift */,
				090F4A46212C5B980084C4EB /* RecommendationView.swift */,
				090F4A48212C5BB00084C4EB /* RecommendationView.xib */,
				090F4A4A212C5BBE0084C4EB /* RecommendationViewModel.swift */,
			);
			path = Recommendation;
			sourceTree = "<group>";
		};
		097F1ECE21259CDC00AE7875 /* Cells */ = {
			isa = PBXGroup;
			children = (
				098BBE112125AAD600970C64 /* CommentCell.swift */,
				098BBE122125AAD600970C64 /* CommentCell.xib */,
			);
			path = Cells;
			sourceTree = "<group>";
		};
		09889AD5212DA04C00FB0ED2 /* Rentals */ = {
			isa = PBXGroup;
			children = (
				09889AE7212DAC1E00FB0ED2 /* Cells */,
				09889AD6212DA06600FB0ED2 /* RentalsViewController.swift */,
				09889AD8212DA07D00FB0ED2 /* RentalsView.swift */,
				09889ADA212DA08900FB0ED2 /* RentalsView.xib */,
				09889ADC212DA09800FB0ED2 /* RentalsViewModel.swift */,
			);
			path = Rentals;
			sourceTree = "<group>";
		};
		09889ADE212DA4D600FB0ED2 /* Wishlist */ = {
			isa = PBXGroup;
			children = (
				09889ADF212DA4F100FB0ED2 /* WishlistViewController.swift */,
				09889AE1212DA54D00FB0ED2 /* WishlistView.swift */,
				09889AE3212DA55800FB0ED2 /* WishlistView.xib */,
				09889AE5212DA56700FB0ED2 /* WishlistViewModel.swift */,
			);
			path = Wishlist;
			sourceTree = "<group>";
		};
		09889AE7212DAC1E00FB0ED2 /* Cells */ = {
			isa = PBXGroup;
			children = (
				09889AE8212DAC6C00FB0ED2 /* SuggestionCell.swift */,
				09889AE9212DAC6C00FB0ED2 /* SuggestionCell.xib */,
			);
			path = Cells;
			sourceTree = "<group>";
		};
		0988B8F42126EEC200A17E9B /* Utils */ = {
			isa = PBXGroup;
			children = (
				0988B8F52126EED900A17E9B /* ImageFetcher.swift */,
			);
			path = Utils;
			sourceTree = "<group>";
		};
		099F0D862124489800E4AF20 /* Book */ = {
			isa = PBXGroup;
			children = (
				097F1ECE21259CDC00AE7875 /* Cells */,
				099F0D8721244A0800E4AF20 /* BookView.swift */,
				099F0D8921244A5300E4AF20 /* BookView.xib */,
				099F0D8B21244A8800E4AF20 /* BookViewController.swift */,
				099F0D8D21244AB300E4AF20 /* BookViewModel.swift */,
			);
			path = Book;
			sourceTree = "<group>";
		};
		099F0D8F2124630700E4AF20 /* Extensions */ = {
			isa = PBXGroup;
			children = (
				099F0D902124633600E4AF20 /* UIImageViewExtension.swift */,
				09B15CA2213032B1002B8FC3 /* UIViewControllerExtension.swift */,
			);
			path = Extensions;
			sourceTree = "<group>";
		};
		099F0D9221246E0900E4AF20 /* CustomViews */ = {
			isa = PBXGroup;
			children = (
				099F0D9321246E4400E4AF20 /* GradientButton.swift */,
				099F0D9521248FBA00E4AF20 /* HollowButton.swift */,
				098BBE152125C6F100970C64 /* RoundedImageView.swift */,
				090F4A4C212C61560084C4EB /* SimpleTextField.swift */,
			);
			path = CustomViews;
			sourceTree = "<group>";
		};
		09BF01892122FE450098E24E /* TabNavigation */ = {
			isa = PBXGroup;
			children = (
				09BF018A2122FEFD0098E24E /* WBooksTabBarController.swift */,
			);
			path = TabNavigation;
			sourceTree = "<group>";
		};
		09C5B0FD2121A779001BE26A /* Library */ = {
			isa = PBXGroup;
			children = (
				09E3E0262121C2CF0001D694 /* Cells */,
				09C5B0FE2121A7E5001BE26A /* LibraryView.xib */,
				09C5B1002121A80D001BE26A /* LibraryView.swift */,
				09C5B1022121A82B001BE26A /* LibraryViewController.swift */,
				09C5B1042121A841001BE26A /* LibraryViewModel.swift */,
			);
			path = Library;
			sourceTree = "<group>";
		};
		09E3E0262121C2CF0001D694 /* Cells */ = {
			isa = PBXGroup;
			children = (
				09E3E0272121C2DC0001D694 /* LibraryCell.xib */,
				09E3E0292121C2E30001D694 /* LibraryCell.swift */,
			);
			path = Cells;
			sourceTree = "<group>";
		};
		09E3E02D2121DC7B0001D694 /* Repositories */ = {
			isa = PBXGroup;
			children = (
				09E3E02E2121DC860001D694 /* WBooksRepository.swift */,
			);
			path = Repositories;
			sourceTree = "<group>";
		};
		09E4A4CF21342C1400B2A2A9 /* Details */ = {
			isa = PBXGroup;
			children = (
				09E4A4CB213427F500B2A2A9 /* DetailsView.xib */,
				09E4A4CD2134287600B2A2A9 /* DetailsView.swift */,
			);
			path = Details;
			sourceTree = "<group>";
		};
		46BEC93F2117C704004338C4 /* Models */ = {
			isa = PBXGroup;
			children = (
				46BEC9452117C765004338C4 /* User.swift */,
				46BEC94A2117DA4E004338C4 /* AuthUser.swift */,
				09E3E0312121DCBE0001D694 /* Book.swift */,
				097F1ED321259F5F00AE7875 /* Comment.swift */,
				09926D11212ED5DD002F9B30 /* Rent.swift */,
			);
			path = Models;
			sourceTree = "<group>";
		};
		46BEC9472117C7A3004338C4 /* Bootstrappers */ = {
			isa = PBXGroup;
			children = (
				46BEC9482117C7AE004338C4 /* NetworkingBootstrapper.swift */,
			);
			path = Bootstrappers;
			sourceTree = "<group>";
		};
		9D1574F81CB1B27500EA395E = {
			isa = PBXGroup;
			children = (
				9D6E405F1CB1BA21008CE558 /* Frameworks */,
				9D1575031CB1B27500EA395E /* WBooks */,
				9D1575181CB1B27500EA395E /* WBooksTests */,
				9D1575231CB1B27500EA395E /* WBooksUITests */,
				9D1575021CB1B27500EA395E /* Products */,
			);
			sourceTree = "<group>";
		};
		9D1575021CB1B27500EA395E /* Products */ = {
			isa = PBXGroup;
			children = (
				9D1575011CB1B27500EA395E /* WBooks.app */,
				9D1575151CB1B27500EA395E /* WBooksTests.xctest */,
				9D1575201CB1B27500EA395E /* WBooksUITests.xctest */,
			);
			name = Products;
			sourceTree = "<group>";
		};
		9D1575031CB1B27500EA395E /* WBooks */ = {
			isa = PBXGroup;
			children = (
				090815032135C23500C9A898 /* SubViews */,
				09889ADE212DA4D600FB0ED2 /* Wishlist */,
				09889AD5212DA04C00FB0ED2 /* Rentals */,
				090F4A43212C5B100084C4EB /* Recommendation */,
				0988B8F42126EEC200A17E9B /* Utils */,
				09E3E02D2121DC7B0001D694 /* Repositories */,
				099F0D9221246E0900E4AF20 /* CustomViews */,
				099F0D8F2124630700E4AF20 /* Extensions */,
				099F0D862124489800E4AF20 /* Book */,
				09BF01892122FE450098E24E /* TabNavigation */,
				09C5B0FD2121A779001BE26A /* Library */,
				46BEC9472117C7A3004338C4 /* Bootstrappers */,
				46BEC93F2117C704004338C4 /* Models */,
				9D1575041CB1B27500EA395E /* AppDelegate.swift */,
				9D15750B1CB1B27500EA395E /* Assets.xcassets */,
				9D1575101CB1B27500EA395E /* Info.plist */,
				CEB934DC1D21992100DF75C2 /* Environment.swift */,
				09423CF9212309D300825171 /* Test.swift */,
			);
			path = WBooks;
			sourceTree = "<group>";
		};
		9D1575181CB1B27500EA395E /* WBooksTests */ = {
			isa = PBXGroup;
			children = (
				9D1575191CB1B27500EA395E /* WBooksTests.swift */,
				9D15751B1CB1B27500EA395E /* Info.plist */,
			);
			path = WBooksTests;
			sourceTree = "<group>";
		};
		9D1575231CB1B27500EA395E /* WBooksUITests */ = {
			isa = PBXGroup;
			children = (
				9D1575241CB1B27500EA395E /* WBooksUITests.swift */,
				9D1575261CB1B27500EA395E /* Info.plist */,
			);
			path = WBooksUITests;
			sourceTree = "<group>";
		};
		9D6E405F1CB1BA21008CE558 /* Frameworks */ = {
			isa = PBXGroup;
			children = (
				46BEC93A2117C468004338C4 /* ReactiveMapKit.framework */,
				46BEC9272117BDBB004338C4 /* Argo.framework */,
				46BEC9262117BDBB004338C4 /* Networking.framework */,
				46BEC9252117BDBB004338C4 /* Runes.framework */,
				46BEC91E2117BB4A004338C4 /* Alamofire.framework */,
				46BEC91F2117BB4A004338C4 /* AlamofireNetworkActivityIndicator.framework */,
				46BEC91C2117BB4A004338C4 /* AlamofireNetworkActivityLogger.framework */,
				46BEC91B2117BB4A004338C4 /* Curry.framework */,
				46BEC91D2117BB4A004338C4 /* KeychainSwift.framework */,
				46BEC9192117B6C3004338C4 /* WolmoCore.framework */,
				E1530D9D1ED382EA002A9002 /* SystemConfiguration.framework */,
				CED934871E8466A60017CF96 /* ReactiveSwift.framework */,
				9D1F7A6F1CBED81900E20BE5 /* Nimble.framework */,
				9D1F7A701CBED81900E20BE5 /* Quick.framework */,
				9D6E40551CB1B939008CE558 /* ReactiveCocoa.framework */,
				9D6E40561CB1B93A008CE558 /* Result.framework */,
			);
			name = Frameworks;
			sourceTree = "<group>";
		};
/* End PBXGroup section */

/* Begin PBXNativeTarget section */
		9D1575001CB1B27500EA395E /* WBooks */ = {
			isa = PBXNativeTarget;
			buildConfigurationList = 9D1575291CB1B27500EA395E /* Build configuration list for PBXNativeTarget "WBooks" */;
			buildPhases = (
				9D1574FD1CB1B27500EA395E /* Sources */,
				9D1574FE1CB1B27500EA395E /* Frameworks */,
				9D1574FF1CB1B27500EA395E /* Resources */,
				9D6E405D1CB1B93F008CE558 /* Carthage */,
				9D6E405E1CB1B94C008CE558 /* SwiftLint */,
			);
			buildRules = (
			);
			dependencies = (
			);
			name = WBooks;
			productName = WBooks;
			productReference = 9D1575011CB1B27500EA395E /* WBooks.app */;
			productType = "com.apple.product-type.application";
		};
		9D1575141CB1B27500EA395E /* WBooksTests */ = {
			isa = PBXNativeTarget;
			buildConfigurationList = 9D15752C1CB1B27500EA395E /* Build configuration list for PBXNativeTarget "WBooksTests" */;
			buildPhases = (
				9D1575111CB1B27500EA395E /* Sources */,
				9D1575121CB1B27500EA395E /* Frameworks */,
				9D1575131CB1B27500EA395E /* Resources */,
				9D1F7A731CBED81F00E20BE5 /* CopyFiles */,
			);
			buildRules = (
			);
			dependencies = (
				9D1575171CB1B27500EA395E /* PBXTargetDependency */,
			);
			name = WBooksTests;
			productName = WBooksTests;
			productReference = 9D1575151CB1B27500EA395E /* WBooksTests.xctest */;
			productType = "com.apple.product-type.bundle.unit-test";
		};
		9D15751F1CB1B27500EA395E /* WBooksUITests */ = {
			isa = PBXNativeTarget;
			buildConfigurationList = 9D15752F1CB1B27500EA395E /* Build configuration list for PBXNativeTarget "WBooksUITests" */;
			buildPhases = (
				9D15751C1CB1B27500EA395E /* Sources */,
				9D15751D1CB1B27500EA395E /* Frameworks */,
				9D15751E1CB1B27500EA395E /* Resources */,
			);
			buildRules = (
			);
			dependencies = (
				9D1575221CB1B27500EA395E /* PBXTargetDependency */,
			);
			name = WBooksUITests;
			productName = WBooksUITests;
			productReference = 9D1575201CB1B27500EA395E /* WBooksUITests.xctest */;
			productType = "com.apple.product-type.bundle.ui-testing";
		};
/* End PBXNativeTarget section */

/* Begin PBXProject section */
		9D1574F91CB1B27500EA395E /* Project object */ = {
			isa = PBXProject;
			attributes = {
				LastSwiftUpdateCheck = 0730;
				LastUpgradeCheck = 0940;
				ORGANIZATIONNAME = Wolox;
				TargetAttributes = {
					9D1575001CB1B27500EA395E = {
						CreatedOnToolsVersion = 7.3;
						LastSwiftMigration = 0820;
						ProvisioningStyle = Manual;
					};
					9D1575141CB1B27500EA395E = {
						CreatedOnToolsVersion = 7.3;
						LastSwiftMigration = 0820;
						TestTargetID = 9D1575001CB1B27500EA395E;
					};
					9D15751F1CB1B27500EA395E = {
						CreatedOnToolsVersion = 7.3;
						LastSwiftMigration = 0820;
						TestTargetID = 9D1575001CB1B27500EA395E;
					};
				};
			};
			buildConfigurationList = 9D1574FC1CB1B27500EA395E /* Build configuration list for PBXProject "WBooks" */;
			compatibilityVersion = "Xcode 3.2";
			developmentRegion = English;
			hasScannedForEncodings = 0;
			knownRegions = (
				en,
				Base,
			);
			mainGroup = 9D1574F81CB1B27500EA395E;
			productRefGroup = 9D1575021CB1B27500EA395E /* Products */;
			projectDirPath = "";
			projectRoot = "";
			targets = (
				9D1575001CB1B27500EA395E /* WBooks */,
				9D1575141CB1B27500EA395E /* WBooksTests */,
				9D15751F1CB1B27500EA395E /* WBooksUITests */,
			);
		};
/* End PBXProject section */

/* Begin PBXResourcesBuildPhase section */
		9D1574FF1CB1B27500EA395E /* Resources */ = {
			isa = PBXResourcesBuildPhase;
			buildActionMask = 2147483647;
			files = (
				09889ADB212DA08900FB0ED2 /* RentalsView.xib in Resources */,
				098BBE142125AAD600970C64 /* CommentCell.xib in Resources */,
				09E4A4CC213427F500B2A2A9 /* DetailsView.xib in Resources */,
				09889AE4212DA55800FB0ED2 /* WishlistView.xib in Resources */,
				09889AEB212DAC6C00FB0ED2 /* SuggestionCell.xib in Resources */,
				09C5B0FF2121A7E5001BE26A /* LibraryView.xib in Resources */,
				09E3E0282121C2DC0001D694 /* LibraryCell.xib in Resources */,
				090F4A49212C5BB00084C4EB /* RecommendationView.xib in Resources */,
				9D15750C1CB1B27500EA395E /* Assets.xcassets in Resources */,
				0984B2192136BF0000137CE3 /* SuggestionCollectionView.xib in Resources */,
				099F0D8A21244A5300E4AF20 /* BookView.xib in Resources */,
			);
			runOnlyForDeploymentPostprocessing = 0;
		};
		9D1575131CB1B27500EA395E /* Resources */ = {
			isa = PBXResourcesBuildPhase;
			buildActionMask = 2147483647;
			files = (
			);
			runOnlyForDeploymentPostprocessing = 0;
		};
		9D15751E1CB1B27500EA395E /* Resources */ = {
			isa = PBXResourcesBuildPhase;
			buildActionMask = 2147483647;
			files = (
			);
			runOnlyForDeploymentPostprocessing = 0;
		};
/* End PBXResourcesBuildPhase section */

/* Begin PBXShellScriptBuildPhase section */
		9D6E405D1CB1B93F008CE558 /* Carthage */ = {
			isa = PBXShellScriptBuildPhase;
			buildActionMask = 2147483647;
			files = (
			);
			inputPaths = (
				"$(SRCROOT)/Carthage/Build/iOS/ReactiveMapKit.framework",
				"$(SRCROOT)/Carthage/Build/iOS/Alamofire.framework",
				"$(SRCROOT)/Carthage/Build/iOS/AlamofireNetworkActivityIndicator.framework",
				"$(SRCROOT)/Carthage/Build/iOS/AlamofireNetworkActivityLogger.framework",
				"$(SRCROOT)/Carthage/Build/iOS/Argo.framework",
				"$(SRCROOT)/Carthage/Build/iOS/Curry.framework",
				"$(SRCROOT)/Carthage/Build/iOS/KeychainSwift.framework",
				"$(SRCROOT)/Carthage/Build/iOS/Networking.framework",
				"$(SRCROOT)/Carthage/Build/iOS/Nimble.framework",
				"$(SRCROOT)/Carthage/Build/iOS/Quick.framework",
				"$(SRCROOT)/Carthage/Build/iOS/ReactiveCocoa.framework",
				"$(SRCROOT)/Carthage/Build/iOS/ReactiveSwift.framework",
				"$(SRCROOT)/Carthage/Build/iOS/Result.framework",
				"$(SRCROOT)/Carthage/Build/iOS/Runes.framework",
				"$(SRCROOT)/Carthage/Build/iOS/WolmoCore.framework",
			);
			name = Carthage;
			outputPaths = (
			);
			runOnlyForDeploymentPostprocessing = 0;
			shellPath = /bin/sh;
			shellScript = "/usr/local/bin/carthage copy-frameworks";
		};
		9D6E405E1CB1B94C008CE558 /* SwiftLint */ = {
			isa = PBXShellScriptBuildPhase;
			buildActionMask = 2147483647;
			files = (
			);
			inputPaths = (
			);
			name = SwiftLint;
			outputPaths = (
			);
			runOnlyForDeploymentPostprocessing = 0;
			shellPath = /bin/sh;
			shellScript = "if [ ! -z \"$RUNNING_ON_CI\" ]\nthen\n    echo \"SwiftLint run script has been disabled\"\n    exit 0\nfi\n\nif which swiftlint >/dev/null; then\n    swiftlint\nelse\n    echo \"warning: SwiftLint not installed, download from https://github.com/realm/SwiftLint\"\nfi";
		};
/* End PBXShellScriptBuildPhase section */

/* Begin PBXSourcesBuildPhase section */
		9D1574FD1CB1B27500EA395E /* Sources */ = {
			isa = PBXSourcesBuildPhase;
			buildActionMask = 2147483647;
			files = (
				09E3E02A2121C2E30001D694 /* LibraryCell.swift in Sources */,
				09C5B1012121A80D001BE26A /* LibraryView.swift in Sources */,
				090F4A45212C5B740084C4EB /* RecommendationViewController.swift in Sources */,
				09C5B1032121A82B001BE26A /* LibraryViewController.swift in Sources */,
				09889AEA212DAC6C00FB0ED2 /* SuggestionCell.swift in Sources */,
				09E3E0322121DCBE0001D694 /* Book.swift in Sources */,
				090F4A4B212C5BBE0084C4EB /* RecommendationViewModel.swift in Sources */,
				09BF018B2122FEFD0098E24E /* WBooksTabBarController.swift in Sources */,
				090F4A4D212C61560084C4EB /* SimpleTextField.swift in Sources */,
				099F0D8E21244AB300E4AF20 /* BookViewModel.swift in Sources */,
				09926D12212ED5DD002F9B30 /* Rent.swift in Sources */,
				09889AD7212DA06600FB0ED2 /* RentalsViewController.swift in Sources */,
				09889AD9212DA07D00FB0ED2 /* RentalsView.swift in Sources */,
				099F0D8821244A0800E4AF20 /* BookView.swift in Sources */,
				09E4A4CE2134287600B2A2A9 /* DetailsView.swift in Sources */,
				099F0D9621248FBA00E4AF20 /* HollowButton.swift in Sources */,
				098BBE162125C6F100970C64 /* RoundedImageView.swift in Sources */,
				CEB934DD1D21992100DF75C2 /* Environment.swift in Sources */,
				09423CFA212309D300825171 /* Test.swift in Sources */,
				09889AE0212DA4F100FB0ED2 /* WishlistViewController.swift in Sources */,
				097F1ED421259F5F00AE7875 /* Comment.swift in Sources */,
				09889AE2212DA54D00FB0ED2 /* WishlistView.swift in Sources */,
				0988B8F62126EED900A17E9B /* ImageFetcher.swift in Sources */,
				46BEC9492117C7AE004338C4 /* NetworkingBootstrapper.swift in Sources */,
				9D1575051CB1B27500EA395E /* AppDelegate.swift in Sources */,
				09B15CA3213032B1002B8FC3 /* UIViewControllerExtension.swift in Sources */,
				09E3E02F2121DC860001D694 /* WBooksRepository.swift in Sources */,
				090F4A47212C5B980084C4EB /* RecommendationView.swift in Sources */,
				46BEC94B2117DA4E004338C4 /* AuthUser.swift in Sources */,
				099F0D9421246E4400E4AF20 /* GradientButton.swift in Sources */,
				09889ADD212DA09800FB0ED2 /* RentalsViewModel.swift in Sources */,
				0984B21D2136BF7F00137CE3 /* SuggestionCollectionView.swift in Sources */,
				099F0D8C21244A8800E4AF20 /* BookViewController.swift in Sources */,
				099F0D912124633600E4AF20 /* UIImageViewExtension.swift in Sources */,
				09C5B1052121A841001BE26A /* LibraryViewModel.swift in Sources */,
				09889AE6212DA56700FB0ED2 /* WishlistViewModel.swift in Sources */,
				46BEC9462117C765004338C4 /* User.swift in Sources */,
				098BBE132125AAD600970C64 /* CommentCell.swift in Sources */,
			);
			runOnlyForDeploymentPostprocessing = 0;
		};
		9D1575111CB1B27500EA395E /* Sources */ = {
			isa = PBXSourcesBuildPhase;
			buildActionMask = 2147483647;
			files = (
				9D15751A1CB1B27500EA395E /* WBooksTests.swift in Sources */,
			);
			runOnlyForDeploymentPostprocessing = 0;
		};
		9D15751C1CB1B27500EA395E /* Sources */ = {
			isa = PBXSourcesBuildPhase;
			buildActionMask = 2147483647;
			files = (
				9D1575251CB1B27500EA395E /* WBooksUITests.swift in Sources */,
			);
			runOnlyForDeploymentPostprocessing = 0;
		};
/* End PBXSourcesBuildPhase section */

/* Begin PBXTargetDependency section */
		9D1575171CB1B27500EA395E /* PBXTargetDependency */ = {
			isa = PBXTargetDependency;
			target = 9D1575001CB1B27500EA395E /* WBooks */;
			targetProxy = 9D1575161CB1B27500EA395E /* PBXContainerItemProxy */;
		};
		9D1575221CB1B27500EA395E /* PBXTargetDependency */ = {
			isa = PBXTargetDependency;
			target = 9D1575001CB1B27500EA395E /* WBooks */;
			targetProxy = 9D1575211CB1B27500EA395E /* PBXContainerItemProxy */;
		};
/* End PBXTargetDependency section */

/* Begin XCBuildConfiguration section */
		CE39E8751D1DAED00004FE95 /* Debug */ = {
			isa = XCBuildConfiguration;
			buildSettings = {
				ALWAYS_SEARCH_USER_PATHS = NO;
				CLANG_ANALYZER_NONNULL = YES;
				CLANG_CXX_LANGUAGE_STANDARD = "gnu++0x";
				CLANG_CXX_LIBRARY = "libc++";
				CLANG_ENABLE_MODULES = YES;
				CLANG_ENABLE_OBJC_ARC = YES;
				CLANG_WARN_BLOCK_CAPTURE_AUTORELEASING = YES;
				CLANG_WARN_BOOL_CONVERSION = YES;
				CLANG_WARN_COMMA = YES;
				CLANG_WARN_CONSTANT_CONVERSION = YES;
				CLANG_WARN_DEPRECATED_OBJC_IMPLEMENTATIONS = YES;
				CLANG_WARN_DIRECT_OBJC_ISA_USAGE = YES_ERROR;
				CLANG_WARN_EMPTY_BODY = YES;
				CLANG_WARN_ENUM_CONVERSION = YES;
				CLANG_WARN_INFINITE_RECURSION = YES;
				CLANG_WARN_INT_CONVERSION = YES;
				CLANG_WARN_NON_LITERAL_NULL_CONVERSION = YES;
				CLANG_WARN_OBJC_IMPLICIT_RETAIN_SELF = YES;
				CLANG_WARN_OBJC_LITERAL_CONVERSION = YES;
				CLANG_WARN_OBJC_ROOT_CLASS = YES_ERROR;
				CLANG_WARN_RANGE_LOOP_ANALYSIS = YES;
				CLANG_WARN_STRICT_PROTOTYPES = YES;
				CLANG_WARN_SUSPICIOUS_MOVE = YES;
				CLANG_WARN_UNREACHABLE_CODE = YES;
				CLANG_WARN__DUPLICATE_METHOD_MATCH = YES;
				"CODE_SIGN_IDENTITY[sdk=iphoneos*]" = "iPhone Developer";
				COPY_PHASE_STRIP = NO;
				DEBUG_INFORMATION_FORMAT = "dwarf-with-dsym";
				ENABLE_NS_ASSERTIONS = NO;
				ENABLE_STRICT_OBJC_MSGSEND = YES;
				ENABLE_TESTABILITY = YES;
				GCC_C_LANGUAGE_STANDARD = gnu99;
				GCC_NO_COMMON_BLOCKS = YES;
				GCC_WARN_64_TO_32_BIT_CONVERSION = YES;
				GCC_WARN_ABOUT_RETURN_TYPE = YES_ERROR;
				GCC_WARN_UNDECLARED_SELECTOR = YES;
				GCC_WARN_UNINITIALIZED_AUTOS = YES_AGGRESSIVE;
				GCC_WARN_UNUSED_FUNCTION = YES;
				GCC_WARN_UNUSED_VARIABLE = YES;
				IPHONEOS_DEPLOYMENT_TARGET = 10.0;
				MTL_ENABLE_DEBUG_INFO = NO;
				ONLY_ACTIVE_ARCH = YES;
				SDKROOT = iphoneos;
				SWIFT_VERSION = 4.0;
				TARGETED_DEVICE_FAMILY = "1,2";
				VALIDATE_PRODUCT = YES;
			};
			name = Debug;
		};
		CE39E8761D1DAED00004FE95 /* Debug */ = {
			isa = XCBuildConfiguration;
			buildSettings = {
				ASSETCATALOG_COMPILER_APPICON_NAME = "AppIcon-debug";
				CURRENT_PROJECT_VERSION = 1;
				DEVELOPMENT_TEAM = "";
				FRAMEWORK_SEARCH_PATHS = (
					"$(inherited)",
					"$(PROJECT_DIR)/Carthage/Build/iOS",
				);
				INFOPLIST_FILE = WBooks/Info.plist;
				LD_RUNPATH_SEARCH_PATHS = "$(inherited) @executable_path/Frameworks";
				ONLY_ACTIVE_ARCH = YES;
				OTHER_SWIFT_FLAGS = "-D DEBUG";
				PRODUCT_BUNDLE_IDENTIFIER = com.Wolox.WBooks.debug;
				PRODUCT_NAME = "$(TARGET_NAME)";
				PROVISIONING_PROFILE_SPECIFIER = "";
				SWIFT_OPTIMIZATION_LEVEL = "-Onone";
				SWIFT_VERSION = 4.0;
				VERSIONING_SYSTEM = "apple-generic";
			};
			name = Debug;
		};
		CE39E8771D1DAED00004FE95 /* Debug */ = {
			isa = XCBuildConfiguration;
			buildSettings = {
				BUNDLE_LOADER = "$(TEST_HOST)";
				FRAMEWORK_SEARCH_PATHS = (
					"$(inherited)",
					"$(PROJECT_DIR)/Carthage/Build/iOS",
				);
				INFOPLIST_FILE = WBooksTests/Info.plist;
				LD_RUNPATH_SEARCH_PATHS = "$(inherited) @executable_path/Frameworks @loader_path/Frameworks";
				PRODUCT_BUNDLE_IDENTIFIER = com.Wolox.WBooksTests;
				PRODUCT_NAME = "$(TARGET_NAME)";
				SWIFT_VERSION = 4.0;
				TEST_HOST = "$(BUILT_PRODUCTS_DIR)/WBooks.app/WBooks";
			};
			name = Debug;
		};
		CE39E8781D1DAED00004FE95 /* Debug */ = {
			isa = XCBuildConfiguration;
			buildSettings = {
				INFOPLIST_FILE = WBooksUITests/Info.plist;
				LD_RUNPATH_SEARCH_PATHS = "$(inherited) @executable_path/Frameworks @loader_path/Frameworks";
				PRODUCT_BUNDLE_IDENTIFIER = com.Wolox.WBooksUITests;
				PRODUCT_NAME = "$(TARGET_NAME)";
				SWIFT_VERSION = 4.0;
				TEST_TARGET_NAME = WBooks;
			};
			name = Debug;
		};
		CE39E8791D1DAEE70004FE95 /* Alpha */ = {
			isa = XCBuildConfiguration;
			buildSettings = {
				ALWAYS_SEARCH_USER_PATHS = NO;
				CLANG_ANALYZER_NONNULL = YES;
				CLANG_CXX_LANGUAGE_STANDARD = "gnu++0x";
				CLANG_CXX_LIBRARY = "libc++";
				CLANG_ENABLE_MODULES = YES;
				CLANG_ENABLE_OBJC_ARC = YES;
				CLANG_WARN_BLOCK_CAPTURE_AUTORELEASING = YES;
				CLANG_WARN_BOOL_CONVERSION = YES;
				CLANG_WARN_COMMA = YES;
				CLANG_WARN_CONSTANT_CONVERSION = YES;
				CLANG_WARN_DEPRECATED_OBJC_IMPLEMENTATIONS = YES;
				CLANG_WARN_DIRECT_OBJC_ISA_USAGE = YES_ERROR;
				CLANG_WARN_EMPTY_BODY = YES;
				CLANG_WARN_ENUM_CONVERSION = YES;
				CLANG_WARN_INFINITE_RECURSION = YES;
				CLANG_WARN_INT_CONVERSION = YES;
				CLANG_WARN_NON_LITERAL_NULL_CONVERSION = YES;
				CLANG_WARN_OBJC_IMPLICIT_RETAIN_SELF = YES;
				CLANG_WARN_OBJC_LITERAL_CONVERSION = YES;
				CLANG_WARN_OBJC_ROOT_CLASS = YES_ERROR;
				CLANG_WARN_RANGE_LOOP_ANALYSIS = YES;
				CLANG_WARN_STRICT_PROTOTYPES = YES;
				CLANG_WARN_SUSPICIOUS_MOVE = YES;
				CLANG_WARN_UNREACHABLE_CODE = YES;
				CLANG_WARN__DUPLICATE_METHOD_MATCH = YES;
				"CODE_SIGN_IDENTITY[sdk=iphoneos*]" = "iPhone Developer";
				COPY_PHASE_STRIP = NO;
				DEBUG_INFORMATION_FORMAT = "dwarf-with-dsym";
				ENABLE_NS_ASSERTIONS = NO;
				ENABLE_STRICT_OBJC_MSGSEND = YES;
				GCC_C_LANGUAGE_STANDARD = gnu99;
				GCC_NO_COMMON_BLOCKS = YES;
				GCC_WARN_64_TO_32_BIT_CONVERSION = YES;
				GCC_WARN_ABOUT_RETURN_TYPE = YES_ERROR;
				GCC_WARN_UNDECLARED_SELECTOR = YES;
				GCC_WARN_UNINITIALIZED_AUTOS = YES_AGGRESSIVE;
				GCC_WARN_UNUSED_FUNCTION = YES;
				GCC_WARN_UNUSED_VARIABLE = YES;
				IPHONEOS_DEPLOYMENT_TARGET = 10.0;
				MTL_ENABLE_DEBUG_INFO = NO;
				ONLY_ACTIVE_ARCH = NO;
				SDKROOT = iphoneos;
				SWIFT_VERSION = 4.0;
				TARGETED_DEVICE_FAMILY = "1,2";
				VALIDATE_PRODUCT = YES;
			};
			name = Alpha;
		};
		CE39E87A1D1DAEE70004FE95 /* Alpha */ = {
			isa = XCBuildConfiguration;
			buildSettings = {
				ASSETCATALOG_COMPILER_APPICON_NAME = "AppIcon-alpha";
				CURRENT_PROJECT_VERSION = 1;
				DEVELOPMENT_TEAM = "";
				FRAMEWORK_SEARCH_PATHS = (
					"$(inherited)",
					"$(PROJECT_DIR)/Carthage/Build/iOS",
				);
				INFOPLIST_FILE = WBooks/Info.plist;
				LD_RUNPATH_SEARCH_PATHS = "$(inherited) @executable_path/Frameworks";
				ONLY_ACTIVE_ARCH = NO;
				OTHER_SWIFT_FLAGS = "-D ALPHA";
				PRODUCT_BUNDLE_IDENTIFIER = com.Wolox.WBooks.alpha;
				PRODUCT_NAME = "$(TARGET_NAME)";
				PROVISIONING_PROFILE_SPECIFIER = "";
				SWIFT_OPTIMIZATION_LEVEL = "-Owholemodule";
				SWIFT_VERSION = 4.0;
				VERSIONING_SYSTEM = "apple-generic";
			};
			name = Alpha;
		};
		CE39E87B1D1DAEE70004FE95 /* Alpha */ = {
			isa = XCBuildConfiguration;
			buildSettings = {
				BUNDLE_LOADER = "$(TEST_HOST)";
				FRAMEWORK_SEARCH_PATHS = (
					"$(inherited)",
					"$(PROJECT_DIR)/Carthage/Build/iOS",
				);
				INFOPLIST_FILE = WBooksTests/Info.plist;
				LD_RUNPATH_SEARCH_PATHS = "$(inherited) @executable_path/Frameworks @loader_path/Frameworks";
				PRODUCT_BUNDLE_IDENTIFIER = com.Wolox.WBooksTests;
				PRODUCT_NAME = "$(TARGET_NAME)";
				SWIFT_VERSION = 4.0;
				TEST_HOST = "$(BUILT_PRODUCTS_DIR)/WBooks.app/WBooks";
			};
			name = Alpha;
		};
		CE39E87C1D1DAEE70004FE95 /* Alpha */ = {
			isa = XCBuildConfiguration;
			buildSettings = {
				INFOPLIST_FILE = WBooksUITests/Info.plist;
				LD_RUNPATH_SEARCH_PATHS = "$(inherited) @executable_path/Frameworks @loader_path/Frameworks";
				PRODUCT_BUNDLE_IDENTIFIER = com.Wolox.WBooksUITests;
				PRODUCT_NAME = "$(TARGET_NAME)";
				SWIFT_VERSION = 4.0;
				TEST_TARGET_NAME = WBooks;
			};
			name = Alpha;
		};
		CE39E8811D1DAEF20004FE95 /* Release */ = {
			isa = XCBuildConfiguration;
			buildSettings = {
				ALWAYS_SEARCH_USER_PATHS = NO;
				CLANG_ANALYZER_NONNULL = YES;
				CLANG_CXX_LANGUAGE_STANDARD = "gnu++0x";
				CLANG_CXX_LIBRARY = "libc++";
				CLANG_ENABLE_MODULES = YES;
				CLANG_ENABLE_OBJC_ARC = YES;
				CLANG_WARN_BLOCK_CAPTURE_AUTORELEASING = YES;
				CLANG_WARN_BOOL_CONVERSION = YES;
				CLANG_WARN_COMMA = YES;
				CLANG_WARN_CONSTANT_CONVERSION = YES;
				CLANG_WARN_DEPRECATED_OBJC_IMPLEMENTATIONS = YES;
				CLANG_WARN_DIRECT_OBJC_ISA_USAGE = YES_ERROR;
				CLANG_WARN_EMPTY_BODY = YES;
				CLANG_WARN_ENUM_CONVERSION = YES;
				CLANG_WARN_INFINITE_RECURSION = YES;
				CLANG_WARN_INT_CONVERSION = YES;
				CLANG_WARN_NON_LITERAL_NULL_CONVERSION = YES;
				CLANG_WARN_OBJC_IMPLICIT_RETAIN_SELF = YES;
				CLANG_WARN_OBJC_LITERAL_CONVERSION = YES;
				CLANG_WARN_OBJC_ROOT_CLASS = YES_ERROR;
				CLANG_WARN_RANGE_LOOP_ANALYSIS = YES;
				CLANG_WARN_STRICT_PROTOTYPES = YES;
				CLANG_WARN_SUSPICIOUS_MOVE = YES;
				CLANG_WARN_UNREACHABLE_CODE = YES;
				CLANG_WARN__DUPLICATE_METHOD_MATCH = YES;
				"CODE_SIGN_IDENTITY[sdk=iphoneos*]" = "iPhone Developer";
				COPY_PHASE_STRIP = NO;
				DEBUG_INFORMATION_FORMAT = "dwarf-with-dsym";
				ENABLE_NS_ASSERTIONS = NO;
				ENABLE_STRICT_OBJC_MSGSEND = YES;
				GCC_C_LANGUAGE_STANDARD = gnu99;
				GCC_NO_COMMON_BLOCKS = YES;
				GCC_WARN_64_TO_32_BIT_CONVERSION = YES;
				GCC_WARN_ABOUT_RETURN_TYPE = YES_ERROR;
				GCC_WARN_UNDECLARED_SELECTOR = YES;
				GCC_WARN_UNINITIALIZED_AUTOS = YES_AGGRESSIVE;
				GCC_WARN_UNUSED_FUNCTION = YES;
				GCC_WARN_UNUSED_VARIABLE = YES;
				IPHONEOS_DEPLOYMENT_TARGET = 10.0;
				MTL_ENABLE_DEBUG_INFO = NO;
				SDKROOT = iphoneos;
				SWIFT_OPTIMIZATION_LEVEL = "-Owholemodule";
				SWIFT_VERSION = 4.0;
				TARGETED_DEVICE_FAMILY = "1,2";
				VALIDATE_PRODUCT = YES;
			};
			name = Release;
		};
		CE39E8821D1DAEF20004FE95 /* Release */ = {
			isa = XCBuildConfiguration;
			buildSettings = {
				ASSETCATALOG_COMPILER_APPICON_NAME = "AppIcon-release";
				CURRENT_PROJECT_VERSION = 1;
				DEVELOPMENT_TEAM = "";
				FRAMEWORK_SEARCH_PATHS = (
					"$(inherited)",
					"$(PROJECT_DIR)/Carthage/Build/iOS",
				);
				INFOPLIST_FILE = WBooks/Info.plist;
				LD_RUNPATH_SEARCH_PATHS = "$(inherited) @executable_path/Frameworks";
				OTHER_SWIFT_FLAGS = "-D RELEASE";
				PRODUCT_BUNDLE_IDENTIFIER = com.Wolox.WBooks;
				PRODUCT_NAME = "$(TARGET_NAME)";
				PROVISIONING_PROFILE_SPECIFIER = "";
				SWIFT_OPTIMIZATION_LEVEL = "-Owholemodule";
				SWIFT_VERSION = 4.0;
				VERSIONING_SYSTEM = "apple-generic";
			};
			name = Release;
		};
		CE39E8831D1DAEF20004FE95 /* Release */ = {
			isa = XCBuildConfiguration;
			buildSettings = {
				BUNDLE_LOADER = "$(TEST_HOST)";
				FRAMEWORK_SEARCH_PATHS = (
					"$(inherited)",
					"$(PROJECT_DIR)/Carthage/Build/iOS",
				);
				INFOPLIST_FILE = WBooksTests/Info.plist;
				LD_RUNPATH_SEARCH_PATHS = "$(inherited) @executable_path/Frameworks @loader_path/Frameworks";
				PRODUCT_BUNDLE_IDENTIFIER = com.Wolox.WBooksTests;
				PRODUCT_NAME = "$(TARGET_NAME)";
				SWIFT_VERSION = 4.0;
				TEST_HOST = "$(BUILT_PRODUCTS_DIR)/WBooks.app/WBooks";
			};
			name = Release;
		};
		CE39E8841D1DAEF20004FE95 /* Release */ = {
			isa = XCBuildConfiguration;
			buildSettings = {
				INFOPLIST_FILE = WBooksUITests/Info.plist;
				LD_RUNPATH_SEARCH_PATHS = "$(inherited) @executable_path/Frameworks @loader_path/Frameworks";
				PRODUCT_BUNDLE_IDENTIFIER = com.Wolox.WBooksUITests;
				PRODUCT_NAME = "$(TARGET_NAME)";
				SWIFT_VERSION = 4.0;
				TEST_TARGET_NAME = WBooks;
			};
			name = Release;
		};
		E12DE15E1F772A1E0072C2FF /* Production */ = {
			isa = XCBuildConfiguration;
			buildSettings = {
				ALWAYS_SEARCH_USER_PATHS = NO;
				CLANG_ANALYZER_NONNULL = YES;
				CLANG_CXX_LANGUAGE_STANDARD = "gnu++0x";
				CLANG_CXX_LIBRARY = "libc++";
				CLANG_ENABLE_MODULES = YES;
				CLANG_ENABLE_OBJC_ARC = YES;
				CLANG_WARN_BLOCK_CAPTURE_AUTORELEASING = YES;
				CLANG_WARN_BOOL_CONVERSION = YES;
				CLANG_WARN_COMMA = YES;
				CLANG_WARN_CONSTANT_CONVERSION = YES;
				CLANG_WARN_DEPRECATED_OBJC_IMPLEMENTATIONS = YES;
				CLANG_WARN_DIRECT_OBJC_ISA_USAGE = YES_ERROR;
				CLANG_WARN_EMPTY_BODY = YES;
				CLANG_WARN_ENUM_CONVERSION = YES;
				CLANG_WARN_INFINITE_RECURSION = YES;
				CLANG_WARN_INT_CONVERSION = YES;
				CLANG_WARN_NON_LITERAL_NULL_CONVERSION = YES;
				CLANG_WARN_OBJC_IMPLICIT_RETAIN_SELF = YES;
				CLANG_WARN_OBJC_LITERAL_CONVERSION = YES;
				CLANG_WARN_OBJC_ROOT_CLASS = YES_ERROR;
				CLANG_WARN_RANGE_LOOP_ANALYSIS = YES;
				CLANG_WARN_STRICT_PROTOTYPES = YES;
				CLANG_WARN_SUSPICIOUS_MOVE = YES;
				CLANG_WARN_UNREACHABLE_CODE = YES;
				CLANG_WARN__DUPLICATE_METHOD_MATCH = YES;
				"CODE_SIGN_IDENTITY[sdk=iphoneos*]" = "iPhone Developer";
				COPY_PHASE_STRIP = NO;
				DEBUG_INFORMATION_FORMAT = "dwarf-with-dsym";
				ENABLE_NS_ASSERTIONS = NO;
				ENABLE_STRICT_OBJC_MSGSEND = YES;
				GCC_C_LANGUAGE_STANDARD = gnu99;
				GCC_NO_COMMON_BLOCKS = YES;
				GCC_WARN_64_TO_32_BIT_CONVERSION = YES;
				GCC_WARN_ABOUT_RETURN_TYPE = YES_ERROR;
				GCC_WARN_UNDECLARED_SELECTOR = YES;
				GCC_WARN_UNINITIALIZED_AUTOS = YES_AGGRESSIVE;
				GCC_WARN_UNUSED_FUNCTION = YES;
				GCC_WARN_UNUSED_VARIABLE = YES;
				IPHONEOS_DEPLOYMENT_TARGET = 10.0;
				MTL_ENABLE_DEBUG_INFO = NO;
				SDKROOT = iphoneos;
				SWIFT_VERSION = 4.0;
				TARGETED_DEVICE_FAMILY = "1,2";
				VALIDATE_PRODUCT = YES;
			};
			name = Production;
		};
		E12DE15F1F772A1E0072C2FF /* Production */ = {
			isa = XCBuildConfiguration;
			buildSettings = {
				ASSETCATALOG_COMPILER_APPICON_NAME = "AppIcon-production";
				CURRENT_PROJECT_VERSION = 1;
				DEVELOPMENT_TEAM = "";
				FRAMEWORK_SEARCH_PATHS = (
					"$(inherited)",
					"$(PROJECT_DIR)/Carthage/Build/iOS",
				);
				INFOPLIST_FILE = WBooks/Info.plist;
				LD_RUNPATH_SEARCH_PATHS = "$(inherited) @executable_path/Frameworks";
				OTHER_SWIFT_FLAGS = "-D PRODUCTION";
				PRODUCT_BUNDLE_IDENTIFIER = com.WBooks.WBooks;
				PRODUCT_NAME = "$(TARGET_NAME)";
				PROVISIONING_PROFILE_SPECIFIER = "";
				SWIFT_OPTIMIZATION_LEVEL = "-Owholemodule";
				SWIFT_VERSION = 4.0;
				VERSIONING_SYSTEM = "apple-generic";
			};
			name = Production;
		};
		E12DE1601F772A1E0072C2FF /* Production */ = {
			isa = XCBuildConfiguration;
			buildSettings = {
				BUNDLE_LOADER = "$(TEST_HOST)";
				FRAMEWORK_SEARCH_PATHS = (
					"$(inherited)",
					"$(PROJECT_DIR)/Carthage/Build/iOS",
				);
				INFOPLIST_FILE = WBooksTests/Info.plist;
				LD_RUNPATH_SEARCH_PATHS = "$(inherited) @executable_path/Frameworks @loader_path/Frameworks";
				PRODUCT_BUNDLE_IDENTIFIER = com.Wolox.WBooksTests;
				PRODUCT_NAME = "$(TARGET_NAME)";
				SWIFT_VERSION = 4.0;
				TEST_HOST = "$(BUILT_PRODUCTS_DIR)/WBooks.app/WBooks";
			};
			name = Production;
		};
		E12DE1611F772A1E0072C2FF /* Production */ = {
			isa = XCBuildConfiguration;
			buildSettings = {
				INFOPLIST_FILE = WBooksUITests/Info.plist;
				LD_RUNPATH_SEARCH_PATHS = "$(inherited) @executable_path/Frameworks @loader_path/Frameworks";
				PRODUCT_BUNDLE_IDENTIFIER = com.Wolox.WBooksUITests;
				PRODUCT_NAME = "$(TARGET_NAME)";
				SWIFT_VERSION = 4.0;
				TEST_TARGET_NAME = WBooks;
			};
			name = Production;
		};
/* End XCBuildConfiguration section */

/* Begin XCConfigurationList section */
		9D1574FC1CB1B27500EA395E /* Build configuration list for PBXProject "WBooks" */ = {
			isa = XCConfigurationList;
			buildConfigurations = (
				CE39E8751D1DAED00004FE95 /* Debug */,
				CE39E8791D1DAEE70004FE95 /* Alpha */,
				CE39E8811D1DAEF20004FE95 /* Release */,
				E12DE15E1F772A1E0072C2FF /* Production */,
			);
			defaultConfigurationIsVisible = 0;
			defaultConfigurationName = Debug;
		};
		9D1575291CB1B27500EA395E /* Build configuration list for PBXNativeTarget "WBooks" */ = {
			isa = XCConfigurationList;
			buildConfigurations = (
				CE39E8761D1DAED00004FE95 /* Debug */,
				CE39E87A1D1DAEE70004FE95 /* Alpha */,
				CE39E8821D1DAEF20004FE95 /* Release */,
				E12DE15F1F772A1E0072C2FF /* Production */,
			);
			defaultConfigurationIsVisible = 0;
			defaultConfigurationName = Debug;
		};
		9D15752C1CB1B27500EA395E /* Build configuration list for PBXNativeTarget "WBooksTests" */ = {
			isa = XCConfigurationList;
			buildConfigurations = (
				CE39E8771D1DAED00004FE95 /* Debug */,
				CE39E87B1D1DAEE70004FE95 /* Alpha */,
				CE39E8831D1DAEF20004FE95 /* Release */,
				E12DE1601F772A1E0072C2FF /* Production */,
			);
			defaultConfigurationIsVisible = 0;
			defaultConfigurationName = Debug;
		};
		9D15752F1CB1B27500EA395E /* Build configuration list for PBXNativeTarget "WBooksUITests" */ = {
			isa = XCConfigurationList;
			buildConfigurations = (
				CE39E8781D1DAED00004FE95 /* Debug */,
				CE39E87C1D1DAEE70004FE95 /* Alpha */,
				CE39E8841D1DAEF20004FE95 /* Release */,
				E12DE1611F772A1E0072C2FF /* Production */,
			);
			defaultConfigurationIsVisible = 0;
			defaultConfigurationName = Debug;
		};
/* End XCConfigurationList section */
	};
	rootObject = 9D1574F91CB1B27500EA395E /* Project object */;
}
